hash: c8a663f0a768fc4e9c0a74067ac03c61edd6cbfaa39e6ec8a7b0278596b93030
updated: 2016-05-23T18:27:16.250560993+09:00
imports:
- name: github.com/mattn/go-runewidth
  version: d6bea18f789704b5f83375793155289da36a3c7f
- name: github.com/nsf/termbox-go
  version: 362329b0aa6447eadd52edd8d660ec1dff470295
devImports: []
